{
  "graphHash": "53e60a70b4ff406232db33868d4640aad5905412f25de4ba4a94ed5f5ea42625",
  "nodes": {
    "project:roya": "17e221b99e97ae414961f53cb7250b27844895a847034fdd4dce37821d9dc431",
    "app:admin-portal": "8a8f6a00479adb8470ef7d5a0e668a48fa106babfa26d3a34a56d7eb43ea8c3e",
    "app:customer-portal": "6c5ac6d7121ef464bcd052b8500142e8d02ee955a5554cb997a2153fbfc0fb4e",
    "target:backend": "537fc7b2e2fe8fbe6bf70c0105df98ed87ae6fd7d880484e660b31d15366cbad",
    "target:mobile": "114772bc1de756b6486d254870c1b3705791f3371011cf566ba4c36a59d3934d",
    "target:web": "f5fae5606cee932ef2f0a246970f45d3526881809910b6ed1c867f06c9be1db1",
    "module:ai-processing": "f8b405dc2ada2ed4d58fdbe6cc9448ef1f3a6d82726e9b0756b9c9360ea41ef3",
    "module:audit": "cba85e538ed481f157eae02059766ad7ba3a9d9080204f9631a0a8e08c64379d",
    "module:auth": "848dfc87289e8e4d74979adc7561442ae5a093bd280ab69f1629835b48c4d84f",
    "module:dashboards": "70151c3a0e71cd89cdab2fd85f160c6b18a5cb680ff4b81e86659b7f025cd872",
    "module:data": "0805aa8def0b75750c44e317b0365aec0f645f4c21d3bfc73083ca2459a75b0f",
    "module:export": "6eb70ad26ed7b09e936ffb7bf45fef33a8f85bd5475224a2cb2e866e717e004f",
    "module:notifications": "1b1fb2aec2d2067694bdf5d6ed0099ae733a8ebd4950451f585e7e4aadefc3fa",
    "module:projects": "b6bcb7ef49802c2bfbb1b1e0604535b18a156cc7441baca743f1c8c520607ff6",
    "module:settings": "28a18ac694d84ab620847a95547351c8380724133d7f9e8b00cba7a956c35e71",
    "module:sharing": "d71b9fb80db9ec6317a7f7f23f94d03dbb3aec4edcfbeb23326095d1a510dcbd",
    "module:subscriptions": "914eb1c1459915a17f315f74c6049649fd2b13001cc1a7e5bc61230f97d725b9",
    "module:users": "6c7f6efa0f5fe88c4d87e146cf9801752bf022ac1c553dafa4de88bb9131a5ec",
    "feature:ai-processing.column-analysis": "aa356c8a55860c9fb07f5abcfa8516adb186d16315652231f9e1b26b70112bf4",
    "feature:audit.logs": "1c6afdd897560392ce746d450b60257de441666ec3d86b2f2541dc01b6cc3436",
    "feature:auth.login": "3a51c57bba31f2da705ccc49f6b1c76b006e169de4593885fa3278c626c9427c",
    "feature:auth.register": "8f8f2b21308bf7138f7ea4a60301df71f42459677b33080d8c9103cfe4e7c1a6",
    "feature:dashboards.management": "5b590b0a8a9cbe6cb0ee1f896c0c72e8d45f798b65a77901ee631aaef3e86981",
    "feature:dashboards.viewer": "be0926b51826ae426c2a4dd0cfe4030a101d534036fb9954ccba956195bbbb35",
    "feature:data.column-review": "ad1570d7c8342b845727724b61c1afbbaf18f61693393528b96a1ed7cfb26aae",
    "feature:data.files-management": "e68e085c72697ebc7c0643781331b058b4eef78ff8f23cd9715e58aa001597ec",
    "feature:data.upload-csv": "3f8126f82e5d590c2c2bfb4cf10a8606b7e3cbfa2b81908f00989ba6183306c6",
    "feature:export.export": "563224d4b3cbcfe0efbc35157bcb8c5147f5e1933e81cbf1e2d5d5bdbefd03c8",
    "feature:notifications.center": "fecfe16152fbae45239e7ba907cbd802681a2340a5dcafd53130ba452ff1700f",
    "feature:projects.management": "365bef03893978149694f008a4481dc4cbfccfafba1fc0e0d3e47b6619435f8f",
    "feature:settings.system": "fb71720190887a316277e4fdf82f5b7d94cfb51330c962b8b35337fed18b660a",
    "feature:sharing.share": "6e5bb6c0971babd14ee1567e5518682c5dc25ce8753859b37526958436afbf4b",
    "feature:subscriptions.management": "2742391e2746e8147130e4110ed184f19a6431928afce0d706bf912562b8b8d4",
    "feature:users.admin-management": "aef5ab5fcc04f0a515bbb4b2479df06863e8a9ee6b1a22674b91dc8037bd25a9",
    "feature:users.profile": "f56b6f2410f77caeb87d9e858ff1f541195702d7f6cf8af2dc9cd537358c0429",
    "entity:chart-widget": "9b2894774407ade9a6b0c643450cc8a57f8e07a566b77975555114d8907341d7",
    "entity:column-metadata": "94d5e76b8dd56589eb914fdbd2cd5f08f0500cc1c368f6f52e92381e73f0cc8d",
    "entity:csv-file": "51950424f6fe8f970cc025ff97b4bcf292fad0c82252598ae1adaeeab88406b0",
    "entity:dashboard": "56ded589a4b93b6211db9f543c4a36309eb2eee0b4f710888481d31f9817bf33",
    "entity:user": "91b356150ab322c6f9d52f982fbb7178c6827f5f04a9397f4df69f829dae517a",
    "ext:claude": "e3cf14b0af84504d4871d1ac94c671aafc4c16089715d0d05aa20bfcf11a0964",
    "ext:mailjet": "7c77a0d7b6188a062f36f0cc64d00a23297345e6f633485795c7662a29e6b512",
    "ext:oauth": "0aa5a7fc1ebc06cf2699da78014e0d7897ddd8d565ae293593f83e25cb627307",
    "ext:payment": "9398994bfff9d1888cea4872af56498c2cf866f25ab264ec3b0d05f5a35925c3",
    "ext:r2": "2f20b440debbe03303f6b50a9e220489dafccedd35955568cde532b13f608cc3",
    "endpoint:auth.login@backend": "a8b283bef385749faee4248135abfdf669b38eb6a8ed4abf14380c84c1de7807",
    "endpoint:dashboards.chart-data@backend": "484fbc46895ff873bafb9cb2b981720546c0171ca426e191b1da251286439850",
    "endpoint:dashboards.create@backend": "4d8502e8f737d8277cb131306e6f01c439e72aadfd5d841944029db0656f79da",
    "endpoint:data.list-files@backend": "30010d46d5ea0f869f7acd1c25d102dd208f758c5b872e32617ced122876ea8c",
    "endpoint:data.update-columns@backend": "3c63bfcea6559ae08cb7d5796d80f30cb04d738710ffb4a44b897984d45aa205",
    "endpoint:data.upload-file@backend": "2ab716e29c7f75007fcc4cdd1afa4e091d0bfc6ee88855ac47cc98ce9b693651",
    "service:ai-processing.ai-service@backend": "7f91e572faac2d17f4896f63f1a7e81cfd33aa7db4da8c5a62be3647d1ad1584",
    "service:auth.auth-service@backend": "3801e71ae81e6c4cdc0966e107cf736f12ec130ac9aa6f61fafa720313393bc8",
    "service:dashboards.dashboards-client@web": "a9874151324bc08d773f8e73101a88865d8704b4b7c47da1a5847e45ee4f30a8",
    "service:dashboards.dashboards-service@backend": "2b9706a4c0b603c3ad05857f87a4300a809dde4265d41ecaa0d658736740b767",
    "service:data.data-client@web": "c4500d1231cce7be164582e4d4959bdc538cb47710dc23c6cd151877422b0190",
    "service:data.data-service@backend": "cf224ecdd417facddca5ddc346e98f462557a461c2088e3651827114caac6873",
    "page:auth.login@web": "0d1aac371470bd73e1bff56f3e7bd87d9d394a82b4d8038e7b6cde13c04b7bbd",
    "page:dashboards.viewer@web": "9226ac0277bd9196236334696e1862157bbd83b3bd40ed7dcf18c2a1e7df6c76",
    "page:data.files-list@web": "a65bf1ba1e15e7f28c2845e2e812800fe4934cb740fde253b5408c4f01c20a23",
    "page:data.upload-wizard@mobile": "e2166d29c37d3cee835ec4a8a1b55ad2428a6243cd1ccff5eea950755bf5f4f9",
    "page:data.upload-wizard@web": "8e3dad48caef100281a93653c83d07731fb94705e2f8f9358f66b604ebd53913",
    "page:users.admin-list@web": "b159cde0d427b658761228d6190f23d1f37932d60299ec3c504c0fff19e9b4db",
    "job:ai-processing.csv-analysis@backend": "ce68c41575beeef2bbeef463f898469991beedc20bb42409c32104294c5483df"
  },
  "edgesHash": "40901b21f92dfaee3d44fab9c9ccbd1f73f967b3d347fe5e98e714aa409b9154",
  "generatedAt": "2026-06-20T21:55:36.709Z"
}
